
Microsoft Visual Studio Solution File, Format Version 12.00
# Visual Studio 15
Project("{FAE04EC0-301F-11D3-BF4B-00C04F79EFBC}") = "Unity.Timeline", "Unity.Timeline.csproj", "{D6D32D4B-C740-E75F-23BF-6907DDE88CAE}"
EndProject
Project("{FAE04EC0-301F-11D3-BF4B-00C04F79EFBC}") = "Unity.Timeline.Editor", "Unity.Timeline.Editor.csproj", "{AC3128D7-B85E-8067-EB3E-F9EDF8F9AB9C}"
EndProject
Project("{FAE04EC0-301F-11D3-BF4B-00C04F79EFBC}") = "Unity.TextMeshPro.Editor", "Unity.TextMeshPro.Editor.csproj", "{8CA7607D-D1BC-F0AC-4455-5E2B70E16275}"
EndProject
Project("{FAE04EC0-301F-11D3-BF4B-00C04F79EFBC}") = "Unity.VisualScripting.Flow", "Unity.VisualScripting.Flow.csproj", "{82DE41BE-76D7-8621-8093-B8F62D1FFA3D}"
EndProject
Project("{FAE04EC0-301F-11D3-BF4B-00C04F79EFBC}") = "UnityEditor.UI", "UnityEditor.UI.csproj", "{E0C9BFE9-3BCE-9A83-D6C2-24221EA52580}"
EndProject
Project("{FAE04EC0-301F-11D3-BF4B-00C04F79EFBC}") = "Unity.PlasticSCM.Editor", "Unity.PlasticSCM.Editor.csproj", "{BF05AD7E-44D0-CCA0-7035-F0DAA690EFFD}"
EndProject
Project("{FAE04EC0-301F-11D3-BF4B-00C04F79EFBC}") = "Unity.VisualScripting.Core", "Unity.VisualScripting.Core.csproj", "{5BF0C61F-87E5-B239-E511-CAE5A3810D2B}"
EndProject
Project("{FAE04EC0-301F-11D3-BF4B-00C04F79EFBC}") = "Unity.VisualScripting.Core.Editor", "Unity.VisualScripting.Core.Editor.csproj", "{A67BE201-8DB7-DA0B-5E61-2F2DEB73B9B7}"
EndProject
Project("{FAE04EC0-301F-11D3-BF4B-00C04F79EFBC}") = "Unity.VisualScripting.Flow.Editor", "Unity.VisualScripting.Flow.Editor.csproj", "{E02F5A7D-792F-2179-EA8D-AE958B7431D0}"
EndProject
Project("{FAE04EC0-301F-11D3-BF4B-00C04F79EFBC}") = "UnityEditor.TestRunner", "UnityEditor.TestRunner.csproj", "{DE4134FD-D10C-F6FE-1D02-D38722EE6E32}"
EndProject
Project("{FAE04EC0-301F-11D3-BF4B-00C04F79EFBC}") = "Unity.VisualScripting.SettingsProvider.Editor", "Unity.VisualScripting.SettingsProvider.Editor.csproj", "{58C02218-2479-F0E7-0A18-8FC3AECEE620}"
EndProject
Project("{FAE04EC0-301F-11D3-BF4B-00C04F79EFBC}") = "UnityEngine.TestRunner", "UnityEngine.TestRunner.csproj", "{52FC4F94-739B-DDD1-4306-8F81335D3297}"
EndProject
Project("{FAE04EC0-301F-11D3-BF4B-00C04F79EFBC}") = "UnityEngine.UI", "UnityEngine.UI.csproj", "{30ECB1DB-C15E-8C53-7D9C-2F0213DD7E3C}"
EndProject
Project("{FAE04EC0-301F-11D3-BF4B-00C04F79EFBC}") = "Unity.VisualStudio.Editor", "Unity.VisualStudio.Editor.csproj", "{21793E6E-12A6-5B0B-7832-6208ED625C02}"
EndProject
Project("{FAE04EC0-301F-11D3-BF4B-00C04F79EFBC}") = "Unity.TestTools.CodeCoverage.Editor.OpenCover.Model", "Unity.TestTools.CodeCoverage.Editor.OpenCover.Model.csproj", "{8AB5EEAF-46A5-627E-E37A-A7DE6B4590A9}"
EndProject
Project("{FAE04EC0-301F-11D3-BF4B-00C04F79EFBC}") = "Unity.Rider.Editor", "Unity.Rider.Editor.csproj", "{483CEEB7-1694-F628-8290-ADD13B42CB12}"
EndProject
Project("{FAE04EC0-301F-11D3-BF4B-00C04F79EFBC}") = "Unity.VisualScripting.State.Editor", "Unity.VisualScripting.State.Editor.csproj", "{ADF4F2C1-FC9E-B7F6-98AF-3FF8B912A230}"
EndProject
Project("{FAE04EC0-301F-11D3-BF4B-00C04F79EFBC}") = "Unity.TestTools.CodeCoverage.Editor", "Unity.TestTools.CodeCoverage.Editor.csproj", "{2E44D9CE-1ABF-4BEE-6B07-67A944397A30}"
EndProject
Project("{FAE04EC0-301F-11D3-BF4B-00C04F79EFBC}") = "Unity.VisualScripting.State", "Unity.VisualScripting.State.csproj", "{41C43F20-5C0A-13AB-F105-A722F5C1F545}"
EndProject
Project("{FAE04EC0-301F-11D3-BF4B-00C04F79EFBC}") = "Unity.TextMeshPro", "Unity.TextMeshPro.csproj", "{A188E3A2-BC3C-4E07-CDCE-A8AAD65E80AF}"
EndProject
Project("{FAE04EC0-301F-11D3-BF4B-00C04F79EFBC}") = "Unity.Performance.Profile-Analyzer.Editor", "Unity.Performance.Profile-Analyzer.Editor.csproj", "{8B75AB32-B887-9068-CA40-0D5B0422FAB3}"
EndProject
Project("{FAE04EC0-301F-11D3-BF4B-00C04F79EFBC}") = "Unity.VSCode.Editor", "Unity.VSCode.Editor.csproj", "{EB28E7AC-9619-B97C-12DB-70F24E115825}"
EndProject
Project("{FAE04EC0-301F-11D3-BF4B-00C04F79EFBC}") = "Unity.TestTools.CodeCoverage.Editor.OpenCover.Mono.Reflection", "Unity.TestTools.CodeCoverage.Editor.OpenCover.Mono.Reflection.csproj", "{D67223E2-5250-3AAE-AB0B-F1541BC37C97}"
EndProject
Project("{FAE04EC0-301F-11D3-BF4B-00C04F79EFBC}") = "Unity.Settings.Editor", "Unity.Settings.Editor.csproj", "{CBC28C0B-633B-7C28-1139-28453D1F7C9D}"
EndProject
Project("{FAE04EC0-301F-11D3-BF4B-00C04F79EFBC}") = "Unity.EditorCoroutines.Editor", "Unity.EditorCoroutines.Editor.csproj", "{CD8E3390-8398-20AB-3CE1-C3B03CA6B992}"
EndProject
Project("{FAE04EC0-301F-11D3-BF4B-00C04F79EFBC}") = "Unity.VisualScripting.Shared.Editor", "Unity.VisualScripting.Shared.Editor.csproj", "{4FBD2FF8-35C7-4232-D7C6-2368A6266A4F}"
EndProject
Project("{FAE04EC0-301F-11D3-BF4B-00C04F79EFBC}") = "Unity.CollabProxy.Editor", "Unity.CollabProxy.Editor.csproj", "{934C3706-EF3B-2019-D013-A7248227A2FA}"
EndProject
Project("{FAE04EC0-301F-11D3-BF4B-00C04F79EFBC}") = "Unity.Timeline", "Unity.Timeline.Player.csproj", "{A42B29FA-C725-CB1E-D154-6AAF729E02B2}"
EndProject
Project("{FAE04EC0-301F-11D3-BF4B-00C04F79EFBC}") = "Unity.VisualScripting.Flow", "Unity.VisualScripting.Flow.Player.csproj", "{6749F2A0-8E27-F974-84FA-D1D18DE944A4}"
EndProject
Project("{FAE04EC0-301F-11D3-BF4B-00C04F79EFBC}") = "Unity.VisualScripting.Core", "Unity.VisualScripting.Core.Player.csproj", "{10694CD6-5278-2769-E26E-F75367D57F4C}"
EndProject
Project("{FAE04EC0-301F-11D3-BF4B-00C04F79EFBC}") = "UnityEngine.TestRunner", "UnityEngine.TestRunner.Player.csproj", "{2C2345BB-20C3-7115-7D2B-511B05CC4739}"
EndProject
Project("{FAE04EC0-301F-11D3-BF4B-00C04F79EFBC}") = "UnityEngine.UI", "UnityEngine.UI.Player.csproj", "{D3937EE8-53CF-561A-2F5A-6A68E7DD3ED7}"
EndProject
Project("{FAE04EC0-301F-11D3-BF4B-00C04F79EFBC}") = "Unity.VisualScripting.State", "Unity.VisualScripting.State.Player.csproj", "{65819A6F-FE6B-03D9-99BD-5D39FC789B51}"
EndProject
Project("{FAE04EC0-301F-11D3-BF4B-00C04F79EFBC}") = "Unity.TextMeshPro", "Unity.TextMeshPro.Player.csproj", "{72488A50-6FE4-EE72-D35E-E2ADD9CD5386}"
EndProject
Global
	GlobalSection(SolutionConfigurationPlatforms) = preSolution
		Debug|Any CPU = Debug|Any CPU
		Release|Any CPU = Release|Any CPU
	EndGlobalSection
	GlobalSection(ProjectConfigurationPlatforms) = postSolution
		{D6D32D4B-C740-E75F-23BF-6907DDE88CAE}.Debug|Any CPU.ActiveCfg = Debug|Any CPU
		{D6D32D4B-C740-E75F-23BF-6907DDE88CAE}.Debug|Any CPU.Build.0 = Debug|Any CPU
		{D6D32D4B-C740-E75F-23BF-6907DDE88CAE}.Release|Any CPU.ActiveCfg = Release|Any CPU
		{D6D32D4B-C740-E75F-23BF-6907DDE88CAE}.Release|Any CPU.Build.0 = Release|Any CPU
		{AC3128D7-B85E-8067-EB3E-F9EDF8F9AB9C}.Debug|Any CPU.ActiveCfg = Debug|Any CPU
		{AC3128D7-B85E-8067-EB3E-F9EDF8F9AB9C}.Debug|Any CPU.Build.0 = Debug|Any CPU
		{AC3128D7-B85E-8067-EB3E-F9EDF8F9AB9C}.Release|Any CPU.ActiveCfg = Release|Any CPU
		{AC3128D7-B85E-8067-EB3E-F9EDF8F9AB9C}.Release|Any CPU.Build.0 = Release|Any CPU
		{8CA7607D-D1BC-F0AC-4455-5E2B70E16275}.Debug|Any CPU.ActiveCfg = Debug|Any CPU
		{8CA7607D-D1BC-F0AC-4455-5E2B70E16275}.Debug|Any CPU.Build.0 = Debug|Any CPU
		{8CA7607D-D1BC-F0AC-4455-5E2B70E16275}.Release|Any CPU.ActiveCfg = Release|Any CPU
		{8CA7607D-D1BC-F0AC-4455-5E2B70E16275}.Release|Any CPU.Build.0 = Release|Any CPU
		{82DE41BE-76D7-8621-8093-B8F62D1FFA3D}.Debug|Any CPU.ActiveCfg = Debug|Any CPU
		{82DE41BE-76D7-8621-8093-B8F62D1FFA3D}.Debug|Any CPU.Build.0 = Debug|Any CPU
		{82DE41BE-76D7-8621-8093-B8F62D1FFA3D}.Release|Any CPU.ActiveCfg = Release|Any CPU
		{82DE41BE-76D7-8621-8093-B8F62D1FFA3D}.Release|Any CPU.Build.0 = Release|Any CPU
		{E0C9BFE9-3BCE-9A83-D6C2-24221EA52580}.Debug|Any CPU.ActiveCfg = Debug|Any CPU
		{E0C9BFE9-3BCE-9A83-D6C2-24221EA52580}.Debug|Any CPU.Build.0 = Debug|Any CPU
		{E0C9BFE9-3BCE-9A83-D6C2-24221EA52580}.Release|Any CPU.ActiveCfg = Release|Any CPU
		{E0C9BFE9-3BCE-9A83-D6C2-24221EA52580}.Release|Any CPU.Build.0 = Release|Any CPU
		{BF05AD7E-44D0-CCA0-7035-F0DAA690EFFD}.Debug|Any CPU.ActiveCfg = Debug|Any CPU
		{BF05AD7E-44D0-CCA0-7035-F0DAA690EFFD}.Debug|Any CPU.Build.0 = Debug|Any CPU
		{BF05AD7E-44D0-CCA0-7035-F0DAA690EFFD}.Release|Any CPU.ActiveCfg = Release|Any CPU
		{BF05AD7E-44D0-CCA0-7035-F0DAA690EFFD}.Release|Any CPU.Build.0 = Release|Any CPU
		{5BF0C61F-87E5-B239-E511-CAE5A3810D2B}.Debug|Any CPU.ActiveCfg = Debug|Any CPU
		{5BF0C61F-87E5-B239-E511-CAE5A3810D2B}.Debug|Any CPU.Build.0 = Debug|Any CPU
		{5BF0C61F-87E5-B239-E511-CAE5A3810D2B}.Release|Any CPU.ActiveCfg = Release|Any CPU
		{5BF0C61F-87E5-B239-E511-CAE5A3810D2B}.Release|Any CPU.Build.0 = Release|Any CPU
		{A67BE201-8DB7-DA0B-5E61-2F2DEB73B9B7}.Debug|Any CPU.ActiveCfg = Debug|Any CPU
		{A67BE201-8DB7-DA0B-5E61-2F2DEB73B9B7}.Debug|Any CPU.Build.0 = Debug|Any CPU
		{A67BE201-8DB7-DA0B-5E61-2F2DEB73B9B7}.Release|Any CPU.ActiveCfg = Release|Any CPU
		{A67BE201-8DB7-DA0B-5E61-2F2DEB73B9B7}.Release|Any CPU.Build.0 = Release|Any CPU
		{E02F5A7D-792F-2179-EA8D-AE958B7431D0}.Debug|Any CPU.ActiveCfg = Debug|Any CPU
		{E02F5A7D-792F-2179-EA8D-AE958B7431D0}.Debug|Any CPU.Build.0 = Debug|Any CPU
		{E02F5A7D-792F-2179-EA8D-AE958B7431D0}.Release|Any CPU.ActiveCfg = Release|Any CPU
		{E02F5A7D-792F-2179-EA8D-AE958B7431D0}.Release|Any CPU.Build.0 = Release|Any CPU
		{DE4134FD-D10C-F6FE-1D02-D38722EE6E32}.Debug|Any CPU.ActiveCfg = Debug|Any CPU
		{DE4134FD-D10C-F6FE-1D02-D38722EE6E32}.Debug|Any CPU.Build.0 = Debug|Any CPU
		{DE4134FD-D10C-F6FE-1D02-D38722EE6E32}.Release|Any CPU.ActiveCfg = Release|Any CPU
		{DE4134FD-D10C-F6FE-1D02-D38722EE6E32}.Release|Any CPU.Build.0 = Release|Any CPU
		{58C02218-2479-F0E7-0A18-8FC3AECEE620}.Debug|Any CPU.ActiveCfg = Debug|Any CPU
		{58C02218-2479-F0E7-0A18-8FC3AECEE620}.Debug|Any CPU.Build.0 = Debug|Any CPU
		{58C02218-2479-F0E7-0A18-8FC3AECEE620}.Release|Any CPU.ActiveCfg = Release|Any CPU
		{58C02218-2479-F0E7-0A18-8FC3AECEE620}.Release|Any CPU.Build.0 = Release|Any CPU
		{52FC4F94-739B-DDD1-4306-8F81335D3297}.Debug|Any CPU.ActiveCfg = Debug|Any CPU
		{52FC4F94-739B-DDD1-4306-8F81335D3297}.Debug|Any CPU.Build.0 = Debug|Any CPU
		{52FC4F94-739B-DDD1-4306-8F81335D3297}.Release|Any CPU.ActiveCfg = Release|Any CPU
		{52FC4F94-739B-DDD1-4306-8F81335D3297}.Release|Any CPU.Build.0 = Release|Any CPU
		{30ECB1DB-C15E-8C53-7D9C-2F0213DD7E3C}.Debug|Any CPU.ActiveCfg = Debug|Any CPU
		{30ECB1DB-C15E-8C53-7D9C-2F0213DD7E3C}.Debug|Any CPU.Build.0 = Debug|Any CPU
		{30ECB1DB-C15E-8C53-7D9C-2F0213DD7E3C}.Release|Any CPU.ActiveCfg = Release|Any CPU
		{30ECB1DB-C15E-8C53-7D9C-2F0213DD7E3C}.Release|Any CPU.Build.0 = Release|Any CPU
		{21793E6E-12A6-5B0B-7832-6208ED625C02}.Debug|Any CPU.ActiveCfg = Debug|Any CPU
		{21793E6E-12A6-5B0B-7832-6208ED625C02}.Debug|Any CPU.Build.0 = Debug|Any CPU
		{21793E6E-12A6-5B0B-7832-6208ED625C02}.Release|Any CPU.ActiveCfg = Release|Any CPU
		{21793E6E-12A6-5B0B-7832-6208ED625C02}.Release|Any CPU.Build.0 = Release|Any CPU
		{8AB5EEAF-46A5-627E-E37A-A7DE6B4590A9}.Debug|Any CPU.ActiveCfg = Debug|Any CPU
		{8AB5EEAF-46A5-627E-E37A-A7DE6B4590A9}.Debug|Any CPU.Build.0 = Debug|Any CPU
		{8AB5EEAF-46A5-627E-E37A-A7DE6B4590A9}.Release|Any CPU.ActiveCfg = Release|Any CPU
		{8AB5EEAF-46A5-627E-E37A-A7DE6B4590A9}.Release|Any CPU.Build.0 = Release|Any CPU
		{483CEEB7-1694-F628-8290-ADD13B42CB12}.Debug|Any CPU.ActiveCfg = Debug|Any CPU
		{483CEEB7-1694-F628-8290-ADD13B42CB12}.Debug|Any CPU.Build.0 = Debug|Any CPU
		{483CEEB7-1694-F628-8290-ADD13B42CB12}.Release|Any CPU.ActiveCfg = Release|Any CPU
		{483CEEB7-1694-F628-8290-ADD13B42CB12}.Release|Any CPU.Build.0 = Release|Any CPU
		{ADF4F2C1-FC9E-B7F6-98AF-3FF8B912A230}.Debug|Any CPU.ActiveCfg = Debug|Any CPU
		{ADF4F2C1-FC9E-B7F6-98AF-3FF8B912A230}.Debug|Any CPU.Build.0 = Debug|Any CPU
		{ADF4F2C1-FC9E-B7F6-98AF-3FF8B912A230}.Release|Any CPU.ActiveCfg = Release|Any CPU
		{ADF4F2C1-FC9E-B7F6-98AF-3FF8B912A230}.Release|Any CPU.Build.0 = Release|Any CPU
		{2E44D9CE-1ABF-4BEE-6B07-67A944397A30}.Debug|Any CPU.ActiveCfg = Debug|Any CPU
		{2E44D9CE-1ABF-4BEE-6B07-67A944397A30}.Debug|Any CPU.Build.0 = Debug|Any CPU
		{2E44D9CE-1ABF-4BEE-6B07-67A944397A30}.Release|Any CPU.ActiveCfg = Release|Any CPU
		{2E44D9CE-1ABF-4BEE-6B07-67A944397A30}.Release|Any CPU.Build.0 = Release|Any CPU
		{41C43F20-5C0A-13AB-F105-A722F5C1F545}.Debug|Any CPU.ActiveCfg = Debug|Any CPU
		{41C43F20-5C0A-13AB-F105-A722F5C1F545}.Debug|Any CPU.Build.0 = Debug|Any CPU
		{41C43F20-5C0A-13AB-F105-A722F5C1F545}.Release|Any CPU.ActiveCfg = Release|Any CPU
		{41C43F20-5C0A-13AB-F105-A722F5C1F545}.Release|Any CPU.Build.0 = Release|Any CPU
		{A188E3A2-BC3C-4E07-CDCE-A8AAD65E80AF}.Debug|Any CPU.ActiveCfg = Debug|Any CPU
		{A188E3A2-BC3C-4E07-CDCE-A8AAD65E80AF}.Debug|Any CPU.Build.0 = Debug|Any CPU
		{A188E3A2-BC3C-4E07-CDCE-A8AAD65E80AF}.Release|Any CPU.ActiveCfg = Release|Any CPU
		{A188E3A2-BC3C-4E07-CDCE-A8AAD65E80AF}.Release|Any CPU.Build.0 = Release|Any CPU
		{8B75AB32-B887-9068-CA40-0D5B0422FAB3}.Debug|Any CPU.ActiveCfg = Debug|Any CPU
		{8B75AB32-B887-9068-CA40-0D5B0422FAB3}.Debug|Any CPU.Build.0 = Debug|Any CPU
		{8B75AB32-B887-9068-CA40-0D5B0422FAB3}.Release|Any CPU.ActiveCfg = Release|Any CPU
		{8B75AB32-B887-9068-CA40-0D5B0422FAB3}.Release|Any CPU.Build.0 = Release|Any CPU
		{EB28E7AC-9619-B97C-12DB-70F24E115825}.Debug|Any CPU.ActiveCfg = Debug|Any CPU
		{EB28E7AC-9619-B97C-12DB-70F24E115825}.Debug|Any CPU.Build.0 = Debug|Any CPU
		{EB28E7AC-9619-B97C-12DB-70F24E115825}.Release|Any CPU.ActiveCfg = Release|Any CPU
		{EB28E7AC-9619-B97C-12DB-70F24E115825}.Release|Any CPU.Build.0 = Release|Any CPU
		{D67223E2-5250-3AAE-AB0B-F1541BC37C97}.Debug|Any CPU.ActiveCfg = Debug|Any CPU
		{D67223E2-5250-3AAE-AB0B-F1541BC37C97}.Debug|Any CPU.Build.0 = Debug|Any CPU
		{D67223E2-5250-3AAE-AB0B-F1541BC37C97}.Release|Any CPU.ActiveCfg = Release|Any CPU
		{D67223E2-5250-3AAE-AB0B-F1541BC37C97}.Release|Any CPU.Build.0 = Release|Any CPU
		{CBC28C0B-633B-7C28-1139-28453D1F7C9D}.Debug|Any CPU.ActiveCfg = Debug|Any CPU
		{CBC28C0B-633B-7C28-1139-28453D1F7C9D}.Debug|Any CPU.Build.0 = Debug|Any CPU
		{CBC28C0B-633B-7C28-1139-28453D1F7C9D}.Release|Any CPU.ActiveCfg = Release|Any CPU
		{CBC28C0B-633B-7C28-1139-28453D1F7C9D}.Release|Any CPU.Build.0 = Release|Any CPU
		{CD8E3390-8398-20AB-3CE1-C3B03CA6B992}.Debug|Any CPU.ActiveCfg = Debug|Any CPU
		{CD8E3390-8398-20AB-3CE1-C3B03CA6B992}.Debug|Any CPU.Build.0 = Debug|Any CPU
		{CD8E3390-8398-20AB-3CE1-C3B03CA6B992}.Release|Any CPU.ActiveCfg = Release|Any CPU
		{CD8E3390-8398-20AB-3CE1-C3B03CA6B992}.Release|Any CPU.Build.0 = Release|Any CPU
		{4FBD2FF8-35C7-4232-D7C6-2368A6266A4F}.Debug|Any CPU.ActiveCfg = Debug|Any CPU
		{4FBD2FF8-35C7-4232-D7C6-2368A6266A4F}.Debug|Any CPU.Build.0 = Debug|Any CPU
		{4FBD2FF8-35C7-4232-D7C6-2368A6266A4F}.Release|Any CPU.ActiveCfg = Release|Any CPU
		{4FBD2FF8-35C7-4232-D7C6-2368A6266A4F}.Release|Any CPU.Build.0 = Release|Any CPU
		{934C3706-EF3B-2019-D013-A7248227A2FA}.Debug|Any CPU.ActiveCfg = Debug|Any CPU
		{934C3706-EF3B-2019-D013-A7248227A2FA}.Debug|Any CPU.Build.0 = Debug|Any CPU
		{934C3706-EF3B-2019-D013-A7248227A2FA}.Release|Any CPU.ActiveCfg = Release|Any CPU
		{934C3706-EF3B-2019-D013-A7248227A2FA}.Release|Any CPU.Build.0 = Release|Any CPU
		{A42B29FA-C725-CB1E-D154-6AAF729E02B2}.Debug|Any CPU.ActiveCfg = Debug|Any CPU
		{A42B29FA-C725-CB1E-D154-6AAF729E02B2}.Debug|Any CPU.Build.0 = Debug|Any CPU
		{A42B29FA-C725-CB1E-D154-6AAF729E02B2}.Release|Any CPU.ActiveCfg = Release|Any CPU
		{A42B29FA-C725-CB1E-D154-6AAF729E02B2}.Release|Any CPU.Build.0 = Release|Any CPU
		{6749F2A0-8E27-F974-84FA-D1D18DE944A4}.Debug|Any CPU.ActiveCfg = Debug|Any CPU
		{6749F2A0-8E27-F974-84FA-D1D18DE944A4}.Debug|Any CPU.Build.0 = Debug|Any CPU
		{6749F2A0-8E27-F974-84FA-D1D18DE944A4}.Release|Any CPU.ActiveCfg = Release|Any CPU
		{6749F2A0-8E27-F974-84FA-D1D18DE944A4}.Release|Any CPU.Build.0 = Release|Any CPU
		{10694CD6-5278-2769-E26E-F75367D57F4C}.Debug|Any CPU.ActiveCfg = Debug|Any CPU
		{10694CD6-5278-2769-E26E-F75367D57F4C}.Debug|Any CPU.Build.0 = Debug|Any CPU
		{10694CD6-5278-2769-E26E-F75367D57F4C}.Release|Any CPU.ActiveCfg = Release|Any CPU
		{10694CD6-5278-2769-E26E-F75367D57F4C}.Release|Any CPU.Build.0 = Release|Any CPU
		{2C2345BB-20C3-7115-7D2B-511B05CC4739}.Debug|Any CPU.ActiveCfg = Debug|Any CPU
		{2C2345BB-20C3-7115-7D2B-511B05CC4739}.Debug|Any CPU.Build.0 = Debug|Any CPU
		{2C2345BB-20C3-7115-7D2B-511B05CC4739}.Release|Any CPU.ActiveCfg = Release|Any CPU
		{2C2345BB-20C3-7115-7D2B-511B05CC4739}.Release|Any CPU.Build.0 = Release|Any CPU
		{D3937EE8-53CF-561A-2F5A-6A68E7DD3ED7}.Debug|Any CPU.ActiveCfg = Debug|Any CPU
		{D3937EE8-53CF-561A-2F5A-6A68E7DD3ED7}.Debug|Any CPU.Build.0 = Debug|Any CPU
		{D3937EE8-53CF-561A-2F5A-6A68E7DD3ED7}.Release|Any CPU.ActiveCfg = Release|Any CPU
		{D3937EE8-53CF-561A-2F5A-6A68E7DD3ED7}.Release|Any CPU.Build.0 = Release|Any CPU
		{65819A6F-FE6B-03D9-99BD-5D39FC789B51}.Debug|Any CPU.ActiveCfg = Debug|Any CPU
		{65819A6F-FE6B-03D9-99BD-5D39FC789B51}.Debug|Any CPU.Build.0 = Debug|Any CPU
		{65819A6F-FE6B-03D9-99BD-5D39FC789B51}.Release|Any CPU.ActiveCfg = Release|Any CPU
		{65819A6F-FE6B-03D9-99BD-5D39FC789B51}.Release|Any CPU.Build.0 = Release|Any CPU
		{72488A50-6FE4-EE72-D35E-E2ADD9CD5386}.Debug|Any CPU.ActiveCfg = Debug|Any CPU
		{72488A50-6FE4-EE72-D35E-E2ADD9CD5386}.Debug|Any CPU.Build.0 = Debug|Any CPU
		{72488A50-6FE4-EE72-D35E-E2ADD9CD5386}.Release|Any CPU.ActiveCfg = Release|Any CPU
		{72488A50-6FE4-EE72-D35E-E2ADD9CD5386}.Release|Any CPU.Build.0 = Release|Any CPU
	EndGlobalSection
	GlobalSection(SolutionProperties) = preSolution
		HideSolutionNode = FALSE
	EndGlobalSection
EndGlobal
